<?xml version="1.0"?>
<Project ToolsVersion="4.0" xmlns="http://schemas.microsoft.com/developer/msbuild/2003">
	<ItemGroup>
		<ClCompile Include="src\ofApp.cpp">
			<Filter>src</Filter>
		</ClCompile>
		<ClCompile Include="src\main.cpp">
			<Filter>src</Filter>
		</ClCompile>
		<ClCompile Include="..\..\..\addons\ofxKinectV2\src\ofxKinectCommonBridge.cpp">
			<Filter>addons\ofxKinectV2\src</Filter>
		</ClCompile>
	</ItemGroup>
	<ItemGroup>
		<Filter Include="src">
			<UniqueIdentifier>{d8376475-7454-4a24-b08a-aac121d3ad6f}</UniqueIdentifier>
		</Filter>
		<Filter Include="addons">
			<UniqueIdentifier>{71834F65-F3A9-211E-73B8-DC85}</UniqueIdentifier>
		</Filter>
		<Filter Include="addons\ofxKinectV2">
			<UniqueIdentifier>{70172ECB-7A50-E871-CC99-AD33}</UniqueIdentifier>
		</Filter>
		<Filter Include="addons\ofxKinectV2\src">
			<UniqueIdentifier>{9348F187-D1DD-DD33-3830-4700}</UniqueIdentifier>
		</Filter>
		<Filter Include="addons\ofxKinectV2\libs">
			<UniqueIdentifier>{1AC49814-DADF-C77E-9D72-E89B}</UniqueIdentifier>
		</Filter>
		<Filter Include="addons\ofxKinectV2\libs\KCBv2">
			<UniqueIdentifier>{B6BB168F-BE90-5871-AB39-B7FE}</UniqueIdentifier>
		</Filter>
		<Filter Include="addons\ofxKinectV2\libs\KCBv2\include">
			<UniqueIdentifier>{0C368765-0566-BEB9-D1AF-28C3}</UniqueIdentifier>
		</Filter>
	</ItemGroup>
	<ItemGroup>
		<ClInclude Include="src\ofApp.h">
			<Filter>src</Filter>
		</ClInclude>
		<ClInclude Include="..\..\..\addons\ofxKinectV2\src\ofxKinectCommonBridge.h">
			<Filter>addons\ofxKinectV2\src</Filter>
		</ClInclude>
		<ClInclude Include="..\..\..\addons\ofxKinectV2\libs\KCBv2\include\KCBv2Lib.h">
			<Filter>addons\ofxKinectV2\libs\KCBv2\include</Filter>
		</ClInclude>
	</ItemGroup>
	<ItemGroup>
		<ResourceCompile Include="icon.rc" />
	</ItemGroup>
</Project>
